// !$*UTF8*$!
{
	archiveVersion = 1;
	classes = {
	};
	objectVersion = 50;
	objects = {

/* Begin PBXBuildFile section */
		CD0D6B9626EEA881009C77C4 /* CurrencyServiceMock.swift in Sources */ = {isa = PBXBuildFile; fileRef = CD2AB18026EE177B006A6A90 /* CurrencyServiceMock.swift */; };
		CD0D6BA026EEAAB5009C77C4 /* CurrencyRouterMock.swift in Sources */ = {isa = PBXBuildFile; fileRef = CD2AB18526EE1CFF006A6A90 /* CurrencyRouterMock.swift */; };
		CD2AB16F26EE0FA5006A6A90 /* ConfigLoaderTest.swift in Sources */ = {isa = PBXBuildFile; fileRef = CD2AB16E26EE0FA5006A6A90 /* ConfigLoaderTest.swift */; };
		CD2AB17426EE1170006A6A90 /* TestConfig.plist in Resources */ = {isa = PBXBuildFile; fileRef = CD2AB17326EE1170006A6A90 /* TestConfig.plist */; };
		CD2AB17C26EE16B8006A6A90 /* MainViewModelTests.swift in Sources */ = {isa = PBXBuildFile; fileRef = CD2AB17B26EE16B8006A6A90 /* MainViewModelTests.swift */; };
		CD2AB18E26EE1E70006A6A90 /* XCTestCase+Extensions.swift in Sources */ = {isa = PBXBuildFile; fileRef = CD2AB18D26EE1E70006A6A90 /* XCTestCase+Extensions.swift */; };
		CD35EDD426E89F9C005E3C61 /* AppDelegate.swift in Sources */ = {isa = PBXBuildFile; fileRef = CD35EDD326E89F9C005E3C61 /* AppDelegate.swift */; };
		CD35EDD626E89F9C005E3C61 /* SceneDelegate.swift in Sources */ = {isa = PBXBuildFile; fileRef = CD35EDD526E89F9C005E3C61 /* SceneDelegate.swift */; };
		CD35EDDD26E89F9E005E3C61 /* Assets.xcassets in Resources */ = {isa = PBXBuildFile; fileRef = CD35EDDC26E89F9E005E3C61 /* Assets.xcassets */; };
		CD35EDE026E89F9E005E3C61 /* LaunchScreen.storyboard in Resources */ = {isa = PBXBuildFile; fileRef = CD35EDDE26E89F9E005E3C61 /* LaunchScreen.storyboard */; };
		CD35EE0D26E8A137005E3C61 /* MainViewController.swift in Sources */ = {isa = PBXBuildFile; fileRef = CD35EE0C26E8A137005E3C61 /* MainViewController.swift */; };
		CD35EE1226E8A175005E3C61 /* MainViewModel.swift in Sources */ = {isa = PBXBuildFile; fileRef = CD35EE1126E8A175005E3C61 /* MainViewModel.swift */; };
		CD35EE1726E8A262005E3C61 /* Extensions.swift in Sources */ = {isa = PBXBuildFile; fileRef = CD35EE1626E8A262005E3C61 /* Extensions.swift */; };
		CD35EE3226E8C2F2005E3C61 /* CurrencyCell.swift in Sources */ = {isa = PBXBuildFile; fileRef = CD35EE3026E8C2F2005E3C61 /* CurrencyCell.swift */; };
		CD35EE3326E8C2F2005E3C61 /* CurrencyCell.xib in Resources */ = {isa = PBXBuildFile; fileRef = CD35EE3126E8C2F2005E3C61 /* CurrencyCell.xib */; };
		CD35EE3826E8C721005E3C61 /* PaddingLabel.swift in Sources */ = {isa = PBXBuildFile; fileRef = CD35EE3726E8C721005E3C61 /* PaddingLabel.swift */; };
		CD56BCEA26EB0B25007BE033 /* Config.plist in Resources */ = {isa = PBXBuildFile; fileRef = CD56BCE926EB0B25007BE033 /* Config.plist */; };
		CD56BCEF26EB0B35007BE033 /* EndpointType.swift in Sources */ = {isa = PBXBuildFile; fileRef = CD56BCEE26EB0B35007BE033 /* EndpointType.swift */; };
		CD56BCFB26EB0B47007BE033 /* RequestBuilder.swift in Sources */ = {isa = PBXBuildFile; fileRef = CD56BCF326EB0B46007BE033 /* RequestBuilder.swift */; };
		CD56BCFC26EB0B47007BE033 /* CurrencyLayerConfig.swift in Sources */ = {isa = PBXBuildFile; fileRef = CD56BCF426EB0B46007BE033 /* CurrencyLayerConfig.swift */; };
		CD56BCFD26EB0B47007BE033 /* CurrencyListResponse.swift in Sources */ = {isa = PBXBuildFile; fileRef = CD56BCF526EB0B46007BE033 /* CurrencyListResponse.swift */; };
		CD56BCFE26EB0B47007BE033 /* CurrencyListRequest.swift in Sources */ = {isa = PBXBuildFile; fileRef = CD56BCF626EB0B47007BE033 /* CurrencyListRequest.swift */; };
		CD56BCFF26EB0B47007BE033 /* ConfigManager.swift in Sources */ = {isa = PBXBuildFile; fileRef = CD56BCF726EB0B47007BE033 /* ConfigManager.swift */; };
		CD56BD0126EB0B47007BE033 /* CurrencyService.swift in Sources */ = {isa = PBXBuildFile; fileRef = CD56BCF926EB0B47007BE033 /* CurrencyService.swift */; };
		CD56BD0726EB10DF007BE033 /* Currency.swift in Sources */ = {isa = PBXBuildFile; fileRef = CD56BD0626EB10DF007BE033 /* Currency.swift */; };
		CD56BD1226EB4421007BE033 /* Error.swift in Sources */ = {isa = PBXBuildFile; fileRef = CD56BD1126EB4421007BE033 /* Error.swift */; };
		CD56BD1A26EB47D5007BE033 /* MainViewControllerFactory.swift in Sources */ = {isa = PBXBuildFile; fileRef = CD56BD1926EB47D5007BE033 /* MainViewControllerFactory.swift */; };
		CD7064A726EF25550066C235 /* ViewModelCache.swift in Sources */ = {isa = PBXBuildFile; fileRef = CD7064A626EF25550066C235 /* ViewModelCache.swift */; };
		CD7064AB26EF25EE0066C235 /* UserDefaults+Extensions.swift in Sources */ = {isa = PBXBuildFile; fileRef = CD7064AA26EF25EE0066C235 /* UserDefaults+Extensions.swift */; };
		CD9CE2D326EF384600E97393 /* CacheService.swift in Sources */ = {isa = PBXBuildFile; fileRef = CD9CE2D226EF384600E97393 /* CacheService.swift */; };
		CDC67A1426EB7F0B003E973A /* CurrencyListViewController.swift in Sources */ = {isa = PBXBuildFile; fileRef = CDC67A1326EB7F0B003E973A /* CurrencyListViewController.swift */; };
		CDC67A1926EB81F0003E973A /* CurrencyListFactory.swift in Sources */ = {isa = PBXBuildFile; fileRef = CDC67A1826EB81F0003E973A /* CurrencyListFactory.swift */; };
		CDC67A1E26EB899D003E973A /* CurrencyRouter.swift in Sources */ = {isa = PBXBuildFile; fileRef = CDC67A1D26EB899D003E973A /* CurrencyRouter.swift */; };
		CDC67A3C26EBAA03003E973A /* CurrencyRateRequest.swift in Sources */ = {isa = PBXBuildFile; fileRef = CDC67A3B26EBAA03003E973A /* CurrencyRateRequest.swift */; };
		CDC67A4626EBAC7E003E973A /* CurrencyRateResponse.swift in Sources */ = {isa = PBXBuildFile; fileRef = CDC67A4526EBAC7E003E973A /* CurrencyRateResponse.swift */; };
		CDC67A7126EC9787003E973A /* UITextfield+Extensions.swift in Sources */ = {isa = PBXBuildFile; fileRef = CDC67A7026EC9787003E973A /* UITextfield+Extensions.swift */; };
		CDC67A7626EC97B6003E973A /* String+Extensions.swift in Sources */ = {isa = PBXBuildFile; fileRef = CDC67A7526EC97B6003E973A /* String+Extensions.swift */; };
		CDC67A7B26EC97FA003E973A /* UIView+Extensions.swift in Sources */ = {isa = PBXBuildFile; fileRef = CDC67A7A26EC97FA003E973A /* UIView+Extensions.swift */; };
		CDC67A8026EC9861003E973A /* Double+Extensions.swift in Sources */ = {isa = PBXBuildFile; fileRef = CDC67A7F26EC9861003E973A /* Double+Extensions.swift */; };
		CDC67A8526EC9881003E973A /* UIColor+Extensions.swift in Sources */ = {isa = PBXBuildFile; fileRef = CDC67A8426EC9881003E973A /* UIColor+Extensions.swift */; };
		CDC67A8A26EC98BB003E973A /* Bundle+Extensions.swift in Sources */ = {isa = PBXBuildFile; fileRef = CDC67A8926EC98BB003E973A /* Bundle+Extensions.swift */; };
		CDE3CAC226E8F3E5008E504B /* MainViewController.xib in Resources */ = {isa = PBXBuildFile; fileRef = CDE3CAC126E8F3E5008E504B /* MainViewController.xib */; };
/* End PBXBuildFile section */

/* Begin PBXContainerItemProxy section */
		CD35EDE726E89F9E005E3C61 /* PBXContainerItemProxy */ = {
			isa = PBXContainerItemProxy;
			containerPortal = CD35EDC826E89F9C005E3C61 /* Project object */;
			proxyType = 1;
			remoteGlobalIDString = CD35EDCF26E89F9C005E3C61;
			remoteInfo = Kurrency;
		};
/* End PBXContainerItemProxy section */

/* Begin PBXFileReference section */
		CD2AB16E26EE0FA5006A6A90 /* ConfigLoaderTest.swift */ = {isa = PBXFileReference; lastKnownFileType = sourcecode.swift; path = ConfigLoaderTest.swift; sourceTree = "<group>"; };
		CD2AB17326EE1170006A6A90 /* TestConfig.plist */ = {isa = PBXFileReference; fileEncoding = 4; lastKnownFileType = text.plist.xml; path = TestConfig.plist; sourceTree = "<group>"; };
		CD2AB17B26EE16B8006A6A90 /* MainViewModelTests.swift */ = {isa = PBXFileReference; lastKnownFileType = sourcecode.swift; path = MainViewModelTests.swift; sourceTree = "<group>"; };
		CD2AB18026EE177B006A6A90 /* CurrencyServiceMock.swift */ = {isa = PBXFileReference; lastKnownFileType = sourcecode.swift; path = CurrencyServiceMock.swift; sourceTree = "<group>"; };
		CD2AB18526EE1CFF006A6A90 /* CurrencyRouterMock.swift */ = {isa = PBXFileReference; lastKnownFileType = sourcecode.swift; path = CurrencyRouterMock.swift; sourceTree = "<group>"; };
		CD2AB18D26EE1E70006A6A90 /* XCTestCase+Extensions.swift */ = {isa = PBXFileReference; lastKnownFileType = sourcecode.swift; path = "XCTestCase+Extensions.swift"; sourceTree = "<group>"; };
		CD35EDD026E89F9C005E3C61 /* Kurrency.app */ = {isa = PBXFileReference; explicitFileType = wrapper.application; includeInIndex = 0; path = Kurrency.app; sourceTree = BUILT_PRODUCTS_DIR; };
		CD35EDD326E89F9C005E3C61 /* AppDelegate.swift */ = {isa = PBXFileReference; lastKnownFileType = sourcecode.swift; path = AppDelegate.swift; sourceTree = "<group>"; };
		CD35EDD526E89F9C005E3C61 /* SceneDelegate.swift */ = {isa = PBXFileReference; lastKnownFileType = sourcecode.swift; path = SceneDelegate.swift; sourceTree = "<group>"; };
		CD35EDDC26E89F9E005E3C61 /* Assets.xcassets */ = {isa = PBXFileReference; lastKnownFileType = folder.assetcatalog; path = Assets.xcassets; sourceTree = "<group>"; };
		CD35EDDF26E89F9E005E3C61 /* Base */ = {isa = PBXFileReference; lastKnownFileType = file.storyboard; name = Base; path = Base.lproj/LaunchScreen.storyboard; sourceTree = "<group>"; };
		CD35EDE126E89F9E005E3C61 /* Info.plist */ = {isa = PBXFileReference; lastKnownFileType = text.plist.xml; path = Info.plist; sourceTree = "<group>"; };
		CD35EDE626E89F9E005E3C61 /* KurrencyTests.xctest */ = {isa = PBXFileReference; explicitFileType = wrapper.cfbundle; includeInIndex = 0; path = KurrencyTests.xctest; sourceTree = BUILT_PRODUCTS_DIR; };
		CD35EDEC26E89F9E005E3C61 /* Info.plist */ = {isa = PBXFileReference; lastKnownFileType = text.plist.xml; path = Info.plist; sourceTree = "<group>"; };
		CD35EE0C26E8A137005E3C61 /* MainViewController.swift */ = {isa = PBXFileReference; lastKnownFileType = sourcecode.swift; path = MainViewController.swift; sourceTree = "<group>"; };
		CD35EE1126E8A175005E3C61 /* MainViewModel.swift */ = {isa = PBXFileReference; lastKnownFileType = sourcecode.swift; path = MainViewModel.swift; sourceTree = "<group>"; };
		CD35EE1626E8A262005E3C61 /* Extensions.swift */ = {isa = PBXFileReference; lastKnownFileType = sourcecode.swift; path = Extensions.swift; sourceTree = "<group>"; };
		CD35EE3026E8C2F2005E3C61 /* CurrencyCell.swift */ = {isa = PBXFileReference; lastKnownFileType = sourcecode.swift; path = CurrencyCell.swift; sourceTree = "<group>"; };
		CD35EE3126E8C2F2005E3C61 /* CurrencyCell.xib */ = {isa = PBXFileReference; lastKnownFileType = file.xib; path = CurrencyCell.xib; sourceTree = "<group>"; };
		CD35EE3726E8C721005E3C61 /* PaddingLabel.swift */ = {isa = PBXFileReference; lastKnownFileType = sourcecode.swift; path = PaddingLabel.swift; sourceTree = "<group>"; };
		CD56BCE926EB0B25007BE033 /* Config.plist */ = {isa = PBXFileReference; fileEncoding = 4; lastKnownFileType = text.plist.xml; path = Config.plist; sourceTree = "<group>"; };
		CD56BCEE26EB0B35007BE033 /* EndpointType.swift */ = {isa = PBXFileReference; fileEncoding = 4; lastKnownFileType = sourcecode.swift; path = EndpointType.swift; sourceTree = "<group>"; };
		CD56BCF326EB0B46007BE033 /* RequestBuilder.swift */ = {isa = PBXFileReference; fileEncoding = 4; lastKnownFileType = sourcecode.swift; path = RequestBuilder.swift; sourceTree = "<group>"; };
		CD56BCF426EB0B46007BE033 /* CurrencyLayerConfig.swift */ = {isa = PBXFileReference; fileEncoding = 4; lastKnownFileType = sourcecode.swift; path = CurrencyLayerConfig.swift; sourceTree = "<group>"; };
		CD56BCF526EB0B46007BE033 /* CurrencyListResponse.swift */ = {isa = PBXFileReference; fileEncoding = 4; lastKnownFileType = sourcecode.swift; path = CurrencyListResponse.swift; sourceTree = "<group>"; };
		CD56BCF626EB0B47007BE033 /* CurrencyListRequest.swift */ = {isa = PBXFileReference; fileEncoding = 4; lastKnownFileType = sourcecode.swift; path = CurrencyListRequest.swift; sourceTree = "<group>"; };
		CD56BCF726EB0B47007BE033 /* ConfigManager.swift */ = {isa = PBXFileReference; fileEncoding = 4; lastKnownFileType = sourcecode.swift; path = ConfigManager.swift; sourceTree = "<group>"; };
		CD56BCF926EB0B47007BE033 /* CurrencyService.swift */ = {isa = PBXFileReference; fileEncoding = 4; lastKnownFileType = sourcecode.swift; path = CurrencyService.swift; sourceTree = "<group>"; };
		CD56BD0626EB10DF007BE033 /* Currency.swift */ = {isa = PBXFileReference; lastKnownFileType = sourcecode.swift; path = Currency.swift; sourceTree = "<group>"; };
		CD56BD1126EB4421007BE033 /* Error.swift */ = {isa = PBXFileReference; lastKnownFileType = sourcecode.swift; path = Error.swift; sourceTree = "<group>"; };
		CD56BD1926EB47D5007BE033 /* MainViewControllerFactory.swift */ = {isa = PBXFileReference; lastKnownFileType = sourcecode.swift; path = MainViewControllerFactory.swift; sourceTree = "<group>"; };
		CD7064A626EF25550066C235 /* ViewModelCache.swift */ = {isa = PBXFileReference; lastKnownFileType = sourcecode.swift; path = ViewModelCache.swift; sourceTree = "<group>"; };
		CD7064AA26EF25EE0066C235 /* UserDefaults+Extensions.swift */ = {isa = PBXFileReference; fileEncoding = 4; lastKnownFileType = sourcecode.swift; path = "UserDefaults+Extensions.swift"; sourceTree = "<group>"; };
		CD9CE2D226EF384600E97393 /* CacheService.swift */ = {isa = PBXFileReference; lastKnownFileType = sourcecode.swift; path = CacheService.swift; sourceTree = "<group>"; };
		CDC67A1326EB7F0B003E973A /* CurrencyListViewController.swift */ = {isa = PBXFileReference; lastKnownFileType = sourcecode.swift; path = CurrencyListViewController.swift; sourceTree = "<group>"; };
		CDC67A1826EB81F0003E973A /* CurrencyListFactory.swift */ = {isa = PBXFileReference; lastKnownFileType = sourcecode.swift; path = CurrencyListFactory.swift; sourceTree = "<group>"; };
		CDC67A1D26EB899D003E973A /* CurrencyRouter.swift */ = {isa = PBXFileReference; lastKnownFileType = sourcecode.swift; path = CurrencyRouter.swift; sourceTree = "<group>"; };
		CDC67A3B26EBAA03003E973A /* CurrencyRateRequest.swift */ = {isa = PBXFileReference; lastKnownFileType = sourcecode.swift; path = CurrencyRateRequest.swift; sourceTree = "<group>"; };
		CDC67A4526EBAC7E003E973A /* CurrencyRateResponse.swift */ = {isa = PBXFileReference; lastKnownFileType = sourcecode.swift; path = CurrencyRateResponse.swift; sourceTree = "<group>"; };
		CDC67A7026EC9787003E973A /* UITextfield+Extensions.swift */ = {isa = PBXFileReference; lastKnownFileType = sourcecode.swift; path = "UITextfield+Extensions.swift"; sourceTree = "<group>"; };
		CDC67A7526EC97B6003E973A /* String+Extensions.swift */ = {isa = PBXFileReference; lastKnownFileType = sourcecode.swift; path = "String+Extensions.swift"; sourceTree = "<group>"; };
		CDC67A7A26EC97FA003E973A /* UIView+Extensions.swift */ = {isa = PBXFileReference; lastKnownFileType = sourcecode.swift; path = "UIView+Extensions.swift"; sourceTree = "<group>"; };
		CDC67A7F26EC9861003E973A /* Double+Extensions.swift */ = {isa = PBXFileReference; lastKnownFileType = sourcecode.swift; path = "Double+Extensions.swift"; sourceTree = "<group>"; };
		CDC67A8426EC9881003E973A /* UIColor+Extensions.swift */ = {isa = PBXFileReference; lastKnownFileType = sourcecode.swift; path = "UIColor+Extensions.swift"; sourceTree = "<group>"; };
		CDC67A8926EC98BB003E973A /* Bundle+Extensions.swift */ = {isa = PBXFileReference; lastKnownFileType = sourcecode.swift; path = "Bundle+Extensions.swift"; sourceTree = "<group>"; };
		CDE3CAC126E8F3E5008E504B /* MainViewController.xib */ = {isa = PBXFileReference; lastKnownFileType = file.xib; path = MainViewController.xib; sourceTree = "<group>"; };
/* End PBXFileReference section */

/* Begin PBXFrameworksBuildPhase section */
		CD35EDCD26E89F9C005E3C61 /* Frameworks */ = {
			isa = PBXFrameworksBuildPhase;
			buildActionMask = 2147483647;
			files = (
			);
			runOnlyForDeploymentPostprocessing = 0;
		};
		CD35EDE326E89F9E005E3C61 /* Frameworks */ = {
			isa = PBXFrameworksBuildPhase;
			buildActionMask = 2147483647;
			files = (
			);
			runOnlyForDeploymentPostprocessing = 0;
		};
/* End PBXFrameworksBuildPhase section */

/* Begin PBXGroup section */
		CD35EDC726E89F9C005E3C61 = {
			isa = PBXGroup;
			children = (
				CD35EDD226E89F9C005E3C61 /* Kurrency */,
				CD35EDE926E89F9E005E3C61 /* KurrencyTests */,
				CD35EDD126E89F9C005E3C61 /* Products */,
			);
			sourceTree = "<group>";
		};
		CD35EDD126E89F9C005E3C61 /* Products */ = {
			isa = PBXGroup;
			children = (
				CD35EDD026E89F9C005E3C61 /* Kurrency.app */,
				CD35EDE626E89F9E005E3C61 /* KurrencyTests.xctest */,
			);
			name = Products;
			sourceTree = "<group>";
		};
		CD35EDD226E89F9C005E3C61 /* Kurrency */ = {
			isa = PBXGroup;
			children = (
				CD35EDE126E89F9E005E3C61 /* Info.plist */,
				CDC67A4A26EBDCBC003E973A /* Boilerplate */,
				CDC67A4B26EBDCF1003E973A /* Views */,
				CDC67A5B26EBDD72003E973A /* ViewModel */,
				CDC67A5F26EBDD7D003E973A /* Extensions */,
				CDC67A4F26EBDD0D003E973A /* Entities */,
				CDC67A5326EBDD2E003E973A /* Services */,
				CDC67A5726EBDD54003E973A /* Factories */,
				CDC67A6326EBDD87003E973A /* Routers */,
			);
			path = Kurrency;
			sourceTree = "<group>";
		};
		CD35EDE926E89F9E005E3C61 /* KurrencyTests */ = {
			isa = PBXGroup;
			children = (
				CD2AB17326EE1170006A6A90 /* TestConfig.plist */,
				CD35EDEC26E89F9E005E3C61 /* Info.plist */,
				CD2AB16E26EE0FA5006A6A90 /* ConfigLoaderTest.swift */,
				CD2AB17B26EE16B8006A6A90 /* MainViewModelTests.swift */,
				CD2AB18026EE177B006A6A90 /* CurrencyServiceMock.swift */,
				CD2AB18526EE1CFF006A6A90 /* CurrencyRouterMock.swift */,
				CD2AB18D26EE1E70006A6A90 /* XCTestCase+Extensions.swift */,
			);
			path = KurrencyTests;
			sourceTree = "<group>";
		};
		CDC67A4A26EBDCBC003E973A /* Boilerplate */ = {
			isa = PBXGroup;
			children = (
				CD35EDD326E89F9C005E3C61 /* AppDelegate.swift */,
				CD35EDD526E89F9C005E3C61 /* SceneDelegate.swift */,
				CD35EDDC26E89F9E005E3C61 /* Assets.xcassets */,
				CD35EDDE26E89F9E005E3C61 /* LaunchScreen.storyboard */,
			);
			path = Boilerplate;
			sourceTree = "<group>";
		};
		CDC67A4B26EBDCF1003E973A /* Views */ = {
			isa = PBXGroup;
			children = (
				CD35EE0C26E8A137005E3C61 /* MainViewController.swift */,
				CDE3CAC126E8F3E5008E504B /* MainViewController.xib */,
				CD35EE3026E8C2F2005E3C61 /* CurrencyCell.swift */,
				CD35EE3126E8C2F2005E3C61 /* CurrencyCell.xib */,
				CDC67A1326EB7F0B003E973A /* CurrencyListViewController.swift */,
				CD35EE3726E8C721005E3C61 /* PaddingLabel.swift */,
			);
			path = Views;
			sourceTree = "<group>";
		};
		CDC67A4F26EBDD0D003E973A /* Entities */ = {
			isa = PBXGroup;
			children = (
				CD56BCE926EB0B25007BE033 /* Config.plist */,
				CD56BCEE26EB0B35007BE033 /* EndpointType.swift */,
				CD56BCF426EB0B46007BE033 /* CurrencyLayerConfig.swift */,
				CD56BCF626EB0B47007BE033 /* CurrencyListRequest.swift */,
				CDC67A3B26EBAA03003E973A /* CurrencyRateRequest.swift */,
				CD56BCF526EB0B46007BE033 /* CurrencyListResponse.swift */,
				CDC67A4526EBAC7E003E973A /* CurrencyRateResponse.swift */,
				CD56BD0626EB10DF007BE033 /* Currency.swift */,
				CD56BD1126EB4421007BE033 /* Error.swift */,
				CD7064A626EF25550066C235 /* ViewModelCache.swift */,
			);
			path = Entities;
			sourceTree = "<group>";
		};
		CDC67A5326EBDD2E003E973A /* Services */ = {
			isa = PBXGroup;
			children = (
				CD56BCF726EB0B47007BE033 /* ConfigManager.swift */,
				CD9CE2D226EF384600E97393 /* CacheService.swift */,
				CD56BCF926EB0B47007BE033 /* CurrencyService.swift */,
			);
			path = Services;
			sourceTree = "<group>";
		};
		CDC67A5726EBDD54003E973A /* Factories */ = {
			isa = PBXGroup;
			children = (
				CD56BCF326EB0B46007BE033 /* RequestBuilder.swift */,
				CD56BD1926EB47D5007BE033 /* MainViewControllerFactory.swift */,
				CDC67A1826EB81F0003E973A /* CurrencyListFactory.swift */,
			);
			path = Factories;
			sourceTree = "<group>";
		};
		CDC67A5B26EBDD72003E973A /* ViewModel */ = {
			isa = PBXGroup;
			children = (
				CD35EE1126E8A175005E3C61 /* MainViewModel.swift */,
			);
			path = ViewModel;
			sourceTree = "<group>";
		};
		CDC67A5F26EBDD7D003E973A /* Extensions */ = {
			isa = PBXGroup;
			children = (
				CD7064AA26EF25EE0066C235 /* UserDefaults+Extensions.swift */,
				CD35EE1626E8A262005E3C61 /* Extensions.swift */,
				CDC67A7026EC9787003E973A /* UITextfield+Extensions.swift */,
				CDC67A7526EC97B6003E973A /* String+Extensions.swift */,
				CDC67A7A26EC97FA003E973A /* UIView+Extensions.swift */,
				CDC67A7F26EC9861003E973A /* Double+Extensions.swift */,
				CDC67A8426EC9881003E973A /* UIColor+Extensions.swift */,
				CDC67A8926EC98BB003E973A /* Bundle+Extensions.swift */,
			);
			path = Extensions;
			sourceTree = "<group>";
		};
		CDC67A6326EBDD87003E973A /* Routers */ = {
			isa = PBXGroup;
			children = (
				CDC67A1D26EB899D003E973A /* CurrencyRouter.swift */,
			);
			path = Routers;
			sourceTree = "<group>";
		};
/* End PBXGroup section */

/* Begin PBXNativeTarget section */
		CD35EDCF26E89F9C005E3C61 /* Kurrency */ = {
			isa = PBXNativeTarget;
			buildConfigurationList = CD35EDFA26E89F9E005E3C61 /* Build configuration list for PBXNativeTarget "Kurrency" */;
			buildPhases = (
				CD35EDCC26E89F9C005E3C61 /* Sources */,
				CD35EDCD26E89F9C005E3C61 /* Frameworks */,
				CD35EDCE26E89F9C005E3C61 /* Resources */,
			);
			buildRules = (
			);
			dependencies = (
			);
			name = Kurrency;
			productName = Kurrency;
			productReference = CD35EDD026E89F9C005E3C61 /* Kurrency.app */;
			productType = "com.apple.product-type.application";
		};
		CD35EDE526E89F9E005E3C61 /* KurrencyTests */ = {
			isa = PBXNativeTarget;
			buildConfigurationList = CD35EDFD26E89F9E005E3C61 /* Build configuration list for PBXNativeTarget "KurrencyTests" */;
			buildPhases = (
				CD35EDE226E89F9E005E3C61 /* Sources */,
				CD35EDE326E89F9E005E3C61 /* Frameworks */,
				CD35EDE426E89F9E005E3C61 /* Resources */,
			);
			buildRules = (
			);
			dependencies = (
				CD35EDE826E89F9E005E3C61 /* PBXTargetDependency */,
			);
			name = KurrencyTests;
			productName = KurrencyTests;
			productReference = CD35EDE626E89F9E005E3C61 /* KurrencyTests.xctest */;
			productType = "com.apple.product-type.bundle.unit-test";
		};
/* End PBXNativeTarget section */

/* Begin PBXProject section */
		CD35EDC826E89F9C005E3C61 /* Project object */ = {
			isa = PBXProject;
			attributes = {
				LastSwiftUpdateCheck = 1240;
				LastUpgradeCheck = 1240;
				TargetAttributes = {
					CD35EDCF26E89F9C005E3C61 = {
						CreatedOnToolsVersion = 12.4;
					};
					CD35EDE526E89F9E005E3C61 = {
						CreatedOnToolsVersion = 12.4;
						TestTargetID = CD35EDCF26E89F9C005E3C61;
					};
				};
			};
			buildConfigurationList = CD35EDCB26E89F9C005E3C61 /* Build configuration list for PBXProject "Kurrency" */;
			compatibilityVersion = "Xcode 9.3";
			developmentRegion = en;
			hasScannedForEncodings = 0;
			knownRegions = (
				en,
				Base,
			);
			mainGroup = CD35EDC726E89F9C005E3C61;
			productRefGroup = CD35EDD126E89F9C005E3C61 /* Products */;
			projectDirPath = "";
			projectRoot = "";
			targets = (
				CD35EDCF26E89F9C005E3C61 /* Kurrency */,
				CD35EDE526E89F9E005E3C61 /* KurrencyTests */,
			);
		};
/* End PBXProject section */

/* Begin PBXResourcesBuildPhase section */
		CD35EDCE26E89F9C005E3C61 /* Resources */ = {
			isa = PBXResourcesBuildPhase;
			buildActionMask = 2147483647;
			files = (
				CD35EE3326E8C2F2005E3C61 /* CurrencyCell.xib in Resources */,
				CD35EDE026E89F9E005E3C61 /* LaunchScreen.storyboard in Resources */,
				CDE3CAC226E8F3E5008E504B /* MainViewController.xib in Resources */,
				CD35EDDD26E89F9E005E3C61 /* Assets.xcassets in Resources */,
				CD56BCEA26EB0B25007BE033 /* Config.plist in Resources */,
			);
			runOnlyForDeploymentPostprocessing = 0;
		};
		CD35EDE426E89F9E005E3C61 /* Resources */ = {
			isa = PBXResourcesBuildPhase;
			buildActionMask = 2147483647;
			files = (
				CD2AB17426EE1170006A6A90 /* TestConfig.plist in Resources */,
			);
			runOnlyForDeploymentPostprocessing = 0;
		};
/* End PBXResourcesBuildPhase section */

/* Begin PBXSourcesBuildPhase section */
		CD35EDCC26E89F9C005E3C61 /* Sources */ = {
			isa = PBXSourcesBuildPhase;
			buildActionMask = 2147483647;
			files = (
				CDC67A1426EB7F0B003E973A /* CurrencyListViewController.swift in Sources */,
				CDC67A7126EC9787003E973A /* UITextfield+Extensions.swift in Sources */,
				CD56BCFD26EB0B47007BE033 /* CurrencyListResponse.swift in Sources */,
				CDC67A8026EC9861003E973A /* Double+Extensions.swift in Sources */,
				CD56BD0126EB0B47007BE033 /* CurrencyService.swift in Sources */,
				CDC67A8A26EC98BB003E973A /* Bundle+Extensions.swift in Sources */,
				CDC67A3C26EBAA03003E973A /* CurrencyRateRequest.swift in Sources */,
				CD35EE3226E8C2F2005E3C61 /* CurrencyCell.swift in Sources */,
				CD35EE1226E8A175005E3C61 /* MainViewModel.swift in Sources */,
				CD56BCFB26EB0B47007BE033 /* RequestBuilder.swift in Sources */,
				CDC67A4626EBAC7E003E973A /* CurrencyRateResponse.swift in Sources */,
				CD56BD1A26EB47D5007BE033 /* MainViewControllerFactory.swift in Sources */,
				CD9CE2D326EF384600E97393 /* CacheService.swift in Sources */,
				CDC67A8526EC9881003E973A /* UIColor+Extensions.swift in Sources */,
				CD56BCFE26EB0B47007BE033 /* CurrencyListRequest.swift in Sources */,
				CD7064A726EF25550066C235 /* ViewModelCache.swift in Sources */,
				CD56BD1226EB4421007BE033 /* Error.swift in Sources */,
				CD35EE1726E8A262005E3C61 /* Extensions.swift in Sources */,
				CDC67A1926EB81F0003E973A /* CurrencyListFactory.swift in Sources */,
				CD35EDD426E89F9C005E3C61 /* AppDelegate.swift in Sources */,
				CDC67A7626EC97B6003E973A /* String+Extensions.swift in Sources */,
				CDC67A1E26EB899D003E973A /* CurrencyRouter.swift in Sources */,
				CD56BCFC26EB0B47007BE033 /* CurrencyLayerConfig.swift in Sources */,
				CDC67A7B26EC97FA003E973A /* UIView+Extensions.swift in Sources */,
				CD35EE3826E8C721005E3C61 /* PaddingLabel.swift in Sources */,
				CD35EDD626E89F9C005E3C61 /* SceneDelegate.swift in Sources */,
				CD56BCEF26EB0B35007BE033 /* EndpointType.swift in Sources */,
				CD56BD0726EB10DF007BE033 /* Currency.swift in Sources */,
				CD35EE0D26E8A137005E3C61 /* MainViewController.swift in Sources */,
				CD7064AB26EF25EE0066C235 /* UserDefaults+Extensions.swift in Sources */,
				CD56BCFF26EB0B47007BE033 /* ConfigManager.swift in Sources */,
			);
			runOnlyForDeploymentPostprocessing = 0;
		};
		CD35EDE226E89F9E005E3C61 /* Sources */ = {
			isa = PBXSourcesBuildPhase;
			buildActionMask = 2147483647;
			files = (
				CD0D6B9626EEA881009C77C4 /* CurrencyServiceMock.swift in Sources */,
				CD2AB17C26EE16B8006A6A90 /* MainViewModelTests.swift in Sources */,
				CD0D6BA026EEAAB5009C77C4 /* CurrencyRouterMock.swift in Sources */,
				CD2AB16F26EE0FA5006A6A90 /* ConfigLoaderTest.swift in Sources */,
				CD2AB18E26EE1E70006A6A90 /* XCTestCase+Extensions.swift in Sources */,
			);
			runOnlyForDeploymentPostprocessing = 0;
		};
/* End PBXSourcesBuildPhase section */

/* Begin PBXTargetDependency section */
		CD35EDE826E89F9E005E3C61 /* PBXTargetDependency */ = {
			isa = PBXTargetDependency;
			target = CD35EDCF26E89F9C005E3C61 /* Kurrency */;
			targetProxy = CD35EDE726E89F9E005E3C61 /* PBXContainerItemProxy */;
		};
/* End PBXTargetDependency section */

/* Begin PBXVariantGroup section */
		CD35EDDE26E89F9E005E3C61 /* LaunchScreen.storyboard */ = {
			isa = PBXVariantGroup;
			children = (
				CD35EDDF26E89F9E005E3C61 /* Base */,
			);
			name = LaunchScreen.storyboard;
			sourceTree = "<group>";
		};
/* End PBXVariantGroup section */

/* Begin XCBuildConfiguration section */
		CD35EDF826E89F9E005E3C61 /* Debug */ = {
			isa = XCBuildConfiguration;
			buildSettings = {
				ALWAYS_SEARCH_USER_PATHS = NO;
				CLANG_ANALYZER_NONNULL = YES;
				CLANG_ANALYZER_NUMBER_OBJECT_CONVERSION = YES_AGGRESSIVE;
				CLANG_CXX_LANGUAGE_STANDARD = "gnu++14";
				CLANG_CXX_LIBRARY = "libc++";
				CLANG_ENABLE_MODULES = YES;
				CLANG_ENABLE_OBJC_ARC = YES;
				CLANG_ENABLE_OBJC_WEAK = YES;
				CLANG_WARN_BLOCK_CAPTURE_AUTORELEASING = YES;
				CLANG_WARN_BOOL_CONVERSION = YES;
				CLANG_WARN_COMMA = YES;
				CLANG_WARN_CONSTANT_CONVERSION = YES;
				CLANG_WARN_DEPRECATED_OBJC_IMPLEMENTATIONS = YES;
				CLANG_WARN_DIRECT_OBJC_ISA_USAGE = YES_ERROR;
				CLANG_WARN_DOCUMENTATION_COMMENTS = YES;
				CLANG_WARN_EMPTY_BODY = YES;
				CLANG_WARN_ENUM_CONVERSION = YES;
				CLANG_WARN_INFINITE_RECURSION = YES;
				CLANG_WARN_INT_CONVERSION = YES;
				CLANG_WARN_NON_LITERAL_NULL_CONVERSION = YES;
				CLANG_WARN_OBJC_IMPLICIT_RETAIN_SELF = YES;
				CLANG_WARN_OBJC_LITERAL_CONVERSION = YES;
				CLANG_WARN_OBJC_ROOT_CLASS = YES_ERROR;
				CLANG_WARN_QUOTED_INCLUDE_IN_FRAMEWORK_HEADER = YES;
				CLANG_WARN_RANGE_LOOP_ANALYSIS = YES;
				CLANG_WARN_STRICT_PROTOTYPES = YES;
				CLANG_WARN_SUSPICIOUS_MOVE = YES;
				CLANG_WARN_UNGUARDED_AVAILABILITY = YES_AGGRESSIVE;
				CLANG_WARN_UNREACHABLE_CODE = YES;
				CLANG_WARN__DUPLICATE_METHOD_MATCH = YES;
				COPY_PHASE_STRIP = NO;
				DEBUG_INFORMATION_FORMAT = dwarf;
				ENABLE_STRICT_OBJC_MSGSEND = YES;
				ENABLE_TESTABILITY = YES;
				GCC_C_LANGUAGE_STANDARD = gnu11;
				GCC_DYNAMIC_NO_PIC = NO;
				GCC_NO_COMMON_BLOCKS = YES;
				GCC_OPTIMIZATION_LEVEL = 0;
				GCC_PREPROCESSOR_DEFINITIONS = (
					"DEBUG=1",
					"$(inherited)",
				);
				GCC_WARN_64_TO_32_BIT_CONVERSION = YES;
				GCC_WARN_ABOUT_RETURN_TYPE = YES_ERROR;
				GCC_WARN_UNDECLARED_SELECTOR = YES;
				GCC_WARN_UNINITIALIZED_AUTOS = YES_AGGRESSIVE;
				GCC_WARN_UNUSED_FUNCTION = YES;
				GCC_WARN_UNUSED_VARIABLE = YES;
				IPHONEOS_DEPLOYMENT_TARGET = 13.6;
				MTL_ENABLE_DEBUG_INFO = INCLUDE_SOURCE;
				MTL_FAST_MATH = YES;
				ONLY_ACTIVE_ARCH = YES;
				SDKROOT = iphoneos;
				SWIFT_ACTIVE_COMPILATION_CONDITIONS = DEBUG;
				SWIFT_OPTIMIZATION_LEVEL = "-Onone";
			};
			name = Debug;
		};
		CD35EDF926E89F9E005E3C61 /* Release */ = {
			isa = XCBuildConfiguration;
			buildSettings = {
				ALWAYS_SEARCH_USER_PATHS = NO;
				CLANG_ANALYZER_NONNULL = YES;
				CLANG_ANALYZER_NUMBER_OBJECT_CONVERSION = YES_AGGRESSIVE;
				CLANG_CXX_LANGUAGE_STANDARD = "gnu++14";
				CLANG_CXX_LIBRARY = "libc++";
				CLANG_ENABLE_MODULES = YES;
				CLANG_ENABLE_OBJC_ARC = YES;
				CLANG_ENABLE_OBJC_WEAK = YES;
				CLANG_WARN_BLOCK_CAPTURE_AUTORELEASING = YES;
				CLANG_WARN_BOOL_CONVERSION = YES;
				CLANG_WARN_COMMA = YES;
				CLANG_WARN_CONSTANT_CONVERSION = YES;
				CLANG_WARN_DEPRECATED_OBJC_IMPLEMENTATIONS = YES;
				CLANG_WARN_DIRECT_OBJC_ISA_USAGE = YES_ERROR;
				CLANG_WARN_DOCUMENTATION_COMMENTS = YES;
				CLANG_WARN_EMPTY_BODY = YES;
				CLANG_WARN_ENUM_CONVERSION = YES;
				CLANG_WARN_INFINITE_RECURSION = YES;
				CLANG_WARN_INT_CONVERSION = YES;
				CLANG_WARN_NON_LITERAL_NULL_CONVERSION = YES;
				CLANG_WARN_OBJC_IMPLICIT_RETAIN_SELF = YES;
				CLANG_WARN_OBJC_LITERAL_CONVERSION = YES;
				CLANG_WARN_OBJC_ROOT_CLASS = YES_ERROR;
				CLANG_WARN_QUOTED_INCLUDE_IN_FRAMEWORK_HEADER = YES;
				CLANG_WARN_RANGE_LOOP_ANALYSIS = YES;
				CLANG_WARN_STRICT_PROTOTYPES = YES;
				CLANG_WARN_SUSPICIOUS_MOVE = YES;
				CLANG_WARN_UNGUARDED_AVAILABILITY = YES_AGGRESSIVE;
				CLANG_WARN_UNREACHABLE_CODE = YES;
				CLANG_WARN__DUPLICATE_METHOD_MATCH = YES;
				COPY_PHASE_STRIP = NO;
				DEBUG_INFORMATION_FORMAT = "dwarf-with-dsym";
				ENABLE_NS_ASSERTIONS = NO;
				ENABLE_STRICT_OBJC_MSGSEND = YES;
				GCC_C_LANGUAGE_STANDARD = gnu11;
				GCC_NO_COMMON_BLOCKS = YES;
				GCC_WARN_64_TO_32_BIT_CONVERSION = YES;
				GCC_WARN_ABOUT_RETURN_TYPE = YES_ERROR;
				GCC_WARN_UNDECLARED_SELECTOR = YES;
				GCC_WARN_UNINITIALIZED_AUTOS = YES_AGGRESSIVE;
				GCC_WARN_UNUSED_FUNCTION = YES;
				GCC_WARN_UNUSED_VARIABLE = YES;
				IPHONEOS_DEPLOYMENT_TARGET = 13.6;
				MTL_ENABLE_DEBUG_INFO = NO;
				MTL_FAST_MATH = YES;
				SDKROOT = iphoneos;
				SWIFT_COMPILATION_MODE = wholemodule;
				SWIFT_OPTIMIZATION_LEVEL = "-O";
				VALIDATE_PRODUCT = YES;
			};
			name = Release;
		};
		CD35EDFB26E89F9E005E3C61 /* Debug */ = {
			isa = XCBuildConfiguration;
			buildSettings = {
				ASSETCATALOG_COMPILER_APPICON_NAME = AppIcon;
				ASSETCATALOG_COMPILER_GLOBAL_ACCENT_COLOR_NAME = AccentColor;
				CODE_SIGN_STYLE = Automatic;
				DEVELOPMENT_TEAM = T2FQ2ETBMW;
				INFOPLIST_FILE = Kurrency/Info.plist;
				IPHONEOS_DEPLOYMENT_TARGET = 13.6;
				LD_RUNPATH_SEARCH_PATHS = (
					"$(inherited)",
					"@executable_path/Frameworks",
				);
				PRODUCT_BUNDLE_IDENTIFIER = com.nugroho.tech.Kurrency;
				PRODUCT_NAME = "$(TARGET_NAME)";
				SWIFT_VERSION = 5.0;
				TARGETED_DEVICE_FAMILY = 1;
			};
			name = Debug;
		};
		CD35EDFC26E89F9E005E3C61 /* Release */ = {
			isa = XCBuildConfiguration;
			buildSettings = {
				ASSETCATALOG_COMPILER_APPICON_NAME = AppIcon;
				ASSETCATALOG_COMPILER_GLOBAL_ACCENT_COLOR_NAME = AccentColor;
				CODE_SIGN_STYLE = Automatic;
				DEVELOPMENT_TEAM = T2FQ2ETBMW;
				INFOPLIST_FILE = Kurrency/Info.plist;
				IPHONEOS_DEPLOYMENT_TARGET = 13.6;
				LD_RUNPATH_SEARCH_PATHS = (
					"$(inherited)",
					"@executable_path/Frameworks",
				);
				PRODUCT_BUNDLE_IDENTIFIER = com.nugroho.tech.Kurrency;
				PRODUCT_NAME = "$(TARGET_NAME)";
				SWIFT_VERSION = 5.0;
				TARGETED_DEVICE_FAMILY = 1;
			};
			name = Release;
		};
		CD35EDFE26E89F9E005E3C61 /* Debug */ = {
			isa = XCBuildConfiguration;
			buildSettings = {
				ALWAYS_EMBED_SWIFT_STANDARD_LIBRARIES = YES;
				BUNDLE_LOADER = "$(TEST_HOST)";
				CODE_SIGN_STYLE = Automatic;
				DEVELOPMENT_TEAM = T2FQ2ETBMW;
				INFOPLIST_FILE = KurrencyTests/Info.plist;
				IPHONEOS_DEPLOYMENT_TARGET = 14.4;
				LD_RUNPATH_SEARCH_PATHS = (
					"$(inherited)",
					"@executable_path/Frameworks",
					"@loader_path/Frameworks",
				);
				PRODUCT_BUNDLE_IDENTIFIER = com.nugroho.tech.KurrencyTests;
				PRODUCT_NAME = "$(TARGET_NAME)";
				SWIFT_VERSION = 5.0;
				TARGETED_DEVICE_FAMILY = "1,2";
				TEST_HOST = "$(BUILT_PRODUCTS_DIR)/Kurrency.app/Kurrency";
			};
			name = Debug;
		};
		CD35EDFF26E89F9E005E3C61 /* Release */ = {
			isa = XCBuildConfiguration;
			buildSettings = {
				ALWAYS_EMBED_SWIFT_STANDARD_LIBRARIES = YES;
				BUNDLE_LOADER = "$(TEST_HOST)";
				CODE_SIGN_STYLE = Automatic;
				DEVELOPMENT_TEAM = T2FQ2ETBMW;
				INFOPLIST_FILE = KurrencyTests/Info.plist;
				IPHONEOS_DEPLOYMENT_TARGET = 14.4;
				LD_RUNPATH_SEARCH_PATHS = (
					"$(inherited)",
					"@executable_path/Frameworks",
					"@loader_path/Frameworks",
				);
				PRODUCT_BUNDLE_IDENTIFIER = com.nugroho.tech.KurrencyTests;
				PRODUCT_NAME = "$(TARGET_NAME)";
				SWIFT_VERSION = 5.0;
				TARGETED_DEVICE_FAMILY = "1,2";
				TEST_HOST = "$(BUILT_PRODUCTS_DIR)/Kurrency.app/Kurrency";
			};
			name = Release;
		};
/* End XCBuildConfiguration section */

/* Begin XCConfigurationList section */
		CD35EDCB26E89F9C005E3C61 /* Build configuration list for PBXProject "Kurrency" */ = {
			isa = XCConfigurationList;
			buildConfigurations = (
				CD35EDF826E89F9E005E3C61 /* Debug */,
				CD35EDF926E89F9E005E3C61 /* Release */,
			);
			defaultConfigurationIsVisible = 0;
			defaultConfigurationName = Release;
		};
		CD35EDFA26E89F9E005E3C61 /* Build configuration list for PBXNativeTarget "Kurrency" */ = {
			isa = XCConfigurationList;
			buildConfigurations = (
				CD35EDFB26E89F9E005E3C61 /* Debug */,
				CD35EDFC26E89F9E005E3C61 /* Release */,
			);
			defaultConfigurationIsVisible = 0;
			defaultConfigurationName = Release;
		};
		CD35EDFD26E89F9E005E3C61 /* Build configuration list for PBXNativeTarget "KurrencyTests" */ = {
			isa = XCConfigurationList;
			buildConfigurations = (
				CD35EDFE26E89F9E005E3C61 /* Debug */,
				CD35EDFF26E89F9E005E3C61 /* Release */,
			);
			defaultConfigurationIsVisible = 0;
			defaultConfigurationName = Release;
		};
/* End XCConfigurationList section */
	};
	rootObject = CD35EDC826E89F9C005E3C61 /* Project object */;
}
